
Microsoft Visual Studio Solution File, Format Version 12.00
# Visual Studio Version 17
VisualStudioVersion = 17.7.34202.233
MinimumVisualStudioVersion = 10.0.40219.1
Project("{2150E333-8FDC-42A3-9474-1A3956D46DE8}") = "Diving", "Diving", "{CAC63011-43BF-4A12-8C61-51D89917E7D0}"
EndProject
Project("{2150E333-8FDC-42A3-9474-1A3956D46DE8}") = "Lec", "Lec", "{B8395A3F-81A8-4B80-ACA2-CBE15B0B7CC6}"
EndProject
Project("{2150E333-8FDC-42A3-9474-1A3956D46DE8}") = "Sem", "Sem", "{A09D4402-D7F4-4155-9894-BE8AF05FC63D}"
EndProject
Project("{2150E333-8FDC-42A3-9474-1A3956D46DE8}") = "HW", "HW", "{37F405A7-11CD-4E51-A4EB-D25628806613}"
EndProject
Project("{2150E333-8FDC-42A3-9474-1A3956D46DE8}") = "AppDev", "AppDev", "{4444C7B2-B75B-4A7A-AABA-86A2BF798C72}"
EndProject
Project("{2150E333-8FDC-42A3-9474-1A3956D46DE8}") = "Lec", "Lec", "{6C9FC849-6F59-4D74-8CFC-3C69EB449CD8}"
EndProject
Project("{2150E333-8FDC-42A3-9474-1A3956D46DE8}") = "Sem", "Sem", "{12348A3A-D4DD-456D-A896-DA2071EEA285}"
EndProject
Project("{2150E333-8FDC-42A3-9474-1A3956D46DE8}") = "HW", "HW", "{04E01E95-8888-4EEA-8AC7-11D21A7AC2A0}"
EndProject
Project("{9A19103F-16F7-4668-BE54-9A1E7A4F7556}") = "HW1", "AppDev\HW\HW1\HW1.csproj", "{6C7FC3DB-2571-4759-81DF-79745460121C}"
EndProject
Project("{9A19103F-16F7-4668-BE54-9A1E7A4F7556}") = "HW2", "AppDev\HW\HW2\HW2.csproj", "{708009E6-D58E-4955-8D28-C897DF693D5B}"
EndProject
Project("{9A19103F-16F7-4668-BE54-9A1E7A4F7556}") = "Lec1", "AppDev\Lec\Lec1\Lec1.csproj", "{3A74156D-0D35-46C5-A47D-F663E8E96C29}"
EndProject
Project("{9A19103F-16F7-4668-BE54-9A1E7A4F7556}") = "Sem1", "AppDev\Sem\Sem1\Sem1.csproj", "{53DBE779-5C03-4890-8C7B-AEA2088D8BE3}"
EndProject
Project("{9A19103F-16F7-4668-BE54-9A1E7A4F7556}") = "HW1", "Diving\HW\HW1\HW1.csproj", "{1E6D721D-CBD3-4ACF-8B41-15D6744BD77A}"
EndProject
Project("{9A19103F-16F7-4668-BE54-9A1E7A4F7556}") = "HW2", "Diving\HW\HW2\HW2.csproj", "{226B37E5-09E8-4818-9C44-EC94DBDAEEB7}"
EndProject
Global
	GlobalSection(SolutionConfigurationPlatforms) = preSolution
		Debug|Any CPU = Debug|Any CPU
		Release|Any CPU = Release|Any CPU
	EndGlobalSection
	GlobalSection(ProjectConfigurationPlatforms) = postSolution
		{6C7FC3DB-2571-4759-81DF-79745460121C}.Debug|Any CPU.ActiveCfg = Debug|Any CPU
		{6C7FC3DB-2571-4759-81DF-79745460121C}.Debug|Any CPU.Build.0 = Debug|Any CPU
		{6C7FC3DB-2571-4759-81DF-79745460121C}.Release|Any CPU.ActiveCfg = Release|Any CPU
		{6C7FC3DB-2571-4759-81DF-79745460121C}.Release|Any CPU.Build.0 = Release|Any CPU
		{708009E6-D58E-4955-8D28-C897DF693D5B}.Debug|Any CPU.ActiveCfg = Debug|Any CPU
		{708009E6-D58E-4955-8D28-C897DF693D5B}.Debug|Any CPU.Build.0 = Debug|Any CPU
		{708009E6-D58E-4955-8D28-C897DF693D5B}.Release|Any CPU.ActiveCfg = Release|Any CPU
		{708009E6-D58E-4955-8D28-C897DF693D5B}.Release|Any CPU.Build.0 = Release|Any CPU
		{3A74156D-0D35-46C5-A47D-F663E8E96C29}.Debug|Any CPU.ActiveCfg = Debug|Any CPU
		{3A74156D-0D35-46C5-A47D-F663E8E96C29}.Debug|Any CPU.Build.0 = Debug|Any CPU
		{3A74156D-0D35-46C5-A47D-F663E8E96C29}.Release|Any CPU.ActiveCfg = Release|Any CPU
		{3A74156D-0D35-46C5-A47D-F663E8E96C29}.Release|Any CPU.Build.0 = Release|Any CPU
		{53DBE779-5C03-4890-8C7B-AEA2088D8BE3}.Debug|Any CPU.ActiveCfg = Debug|Any CPU
		{53DBE779-5C03-4890-8C7B-AEA2088D8BE3}.Debug|Any CPU.Build.0 = Debug|Any CPU
		{53DBE779-5C03-4890-8C7B-AEA2088D8BE3}.Release|Any CPU.ActiveCfg = Release|Any CPU
		{53DBE779-5C03-4890-8C7B-AEA2088D8BE3}.Release|Any CPU.Build.0 = Release|Any CPU
		{1E6D721D-CBD3-4ACF-8B41-15D6744BD77A}.Debug|Any CPU.ActiveCfg = Debug|Any CPU
		{1E6D721D-CBD3-4ACF-8B41-15D6744BD77A}.Debug|Any CPU.Build.0 = Debug|Any CPU
		{1E6D721D-CBD3-4ACF-8B41-15D6744BD77A}.Release|Any CPU.ActiveCfg = Release|Any CPU
		{1E6D721D-CBD3-4ACF-8B41-15D6744BD77A}.Release|Any CPU.Build.0 = Release|Any CPU
		{226B37E5-09E8-4818-9C44-EC94DBDAEEB7}.Debug|Any CPU.ActiveCfg = Debug|Any CPU
		{226B37E5-09E8-4818-9C44-EC94DBDAEEB7}.Debug|Any CPU.Build.0 = Debug|Any CPU
		{226B37E5-09E8-4818-9C44-EC94DBDAEEB7}.Release|Any CPU.ActiveCfg = Release|Any CPU
		{226B37E5-09E8-4818-9C44-EC94DBDAEEB7}.Release|Any CPU.Build.0 = Release|Any CPU
	EndGlobalSection
	GlobalSection(SolutionProperties) = preSolution
		HideSolutionNode = FALSE
	EndGlobalSection
	GlobalSection(NestedProjects) = preSolution
		{B8395A3F-81A8-4B80-ACA2-CBE15B0B7CC6} = {CAC63011-43BF-4A12-8C61-51D89917E7D0}
		{A09D4402-D7F4-4155-9894-BE8AF05FC63D} = {CAC63011-43BF-4A12-8C61-51D89917E7D0}
		{37F405A7-11CD-4E51-A4EB-D25628806613} = {CAC63011-43BF-4A12-8C61-51D89917E7D0}
		{6C9FC849-6F59-4D74-8CFC-3C69EB449CD8} = {4444C7B2-B75B-4A7A-AABA-86A2BF798C72}
		{12348A3A-D4DD-456D-A896-DA2071EEA285} = {4444C7B2-B75B-4A7A-AABA-86A2BF798C72}
		{04E01E95-8888-4EEA-8AC7-11D21A7AC2A0} = {4444C7B2-B75B-4A7A-AABA-86A2BF798C72}
		{6C7FC3DB-2571-4759-81DF-79745460121C} = {04E01E95-8888-4EEA-8AC7-11D21A7AC2A0}
		{708009E6-D58E-4955-8D28-C897DF693D5B} = {04E01E95-8888-4EEA-8AC7-11D21A7AC2A0}
		{3A74156D-0D35-46C5-A47D-F663E8E96C29} = {6C9FC849-6F59-4D74-8CFC-3C69EB449CD8}
		{53DBE779-5C03-4890-8C7B-AEA2088D8BE3} = {12348A3A-D4DD-456D-A896-DA2071EEA285}
		{1E6D721D-CBD3-4ACF-8B41-15D6744BD77A} = {37F405A7-11CD-4E51-A4EB-D25628806613}
		{226B37E5-09E8-4818-9C44-EC94DBDAEEB7} = {37F405A7-11CD-4E51-A4EB-D25628806613}
	EndGlobalSection
	GlobalSection(ExtensibilityGlobals) = postSolution
		SolutionGuid = {ABDA0CFF-9DAE-473E-9A8A-28F04A4FDE73}
	EndGlobalSection
EndGlobal
